
Microsoft Visual Studio Solution File, Format Version 12.00
# Visual Studio Version 16
VisualStudioVersion = 16.0.30907.101
MinimumVisualStudioVersion = 10.0.40219.1
Project("{FAE04EC0-301F-11D3-BF4B-00C04F79EFBC}") = "FirstApi", "FirstApi\FirstApi.csproj", "{4A15FB0E-C692-4F33-B357-B22BEAC5CD13}"
EndProject
Global
	GlobalSection(SolutionConfigurationPlatforms) = preSolution
		Debug|Any CPU = Debug|Any CPU
		Release|Any CPU = Release|Any CPU
	EndGlobalSection
	GlobalSection(ProjectConfigurationPlatforms) = postSolution
		{4A15FB0E-C692-4F33-B357-B22BEAC5CD13}.Debug|Any CPU.ActiveCfg = Debug|Any CPU
		{4A15FB0E-C692-4F33-B357-B22BEAC5CD13}.Debug|Any CPU.Build.0 = Debug|Any CPU
		{4A15FB0E-C692-4F33-B357-B22BEAC5CD13}.Release|Any CPU.ActiveCfg = Release|Any CPU
		{4A15FB0E-C692-4F33-B357-B22BEAC5CD13}.Release|Any CPU.Build.0 = Release|Any CPU
	EndGlobalSection
	GlobalSection(SolutionProperties) = preSolution
		HideSolutionNode = FALSE
	EndGlobalSection
	GlobalSection(ExtensibilityGlobals) = postSolution
		SolutionGuid = {679A302F-0E8A-4146-8696-01B7D209E970}
	EndGlobalSection
EndGlobal
